
Microsoft Visual Studio Solution File, Format Version 12.00
# Visual Studio 15
VisualStudioVersion = 15.0.26228.9
MinimumVisualStudioVersion = 10.0.40219.1
Project("{FAE04EC0-301F-11D3-BF4B-00C04F79EFBC}") = "Lab_01_01", "Lab_01\Lab_01_01.csproj", "{77AE56CC-908B-48AE-83A6-B0005ECC29F1}"
EndProject
Project("{2150E333-8FDC-42A3-9474-1A3956D46DE8}") = "Lab_01", "Lab_01", "{25CB8F88-14C3-4849-A1AD-7812797797C7}"
EndProject
Project("{2150E333-8FDC-42A3-9474-1A3956D46DE8}") = "Lab_02", "Lab_02", "{AE698E52-A0E9-46CA-B49B-A8F8D21F2D10}"
EndProject
Project("{FAE04EC0-301F-11D3-BF4B-00C04F79EFBC}") = "Lab_01_02", "Lab_01_02\Lab_01_02.csproj", "{BF5ACCB9-97A7-4228-A8B5-C034031718D9}"
EndProject
Project("{FAE04EC0-301F-11D3-BF4B-00C04F79EFBC}") = "Lab_01_03", "lab_01_03\Lab_01_03.csproj", "{3746CA40-CEB6-4BD1-AC8F-A9D035656D31}"
EndProject
Project("{FAE04EC0-301F-11D3-BF4B-00C04F79EFBC}") = "Lab_01_04", "Lab_01_04\Lab_01_04.csproj", "{DAA4DA06-C2AC-49D3-BB66-58C992F701E5}"
EndProject
Project("{FAE04EC0-301F-11D3-BF4B-00C04F79EFBC}") = "Lab_01_05", "Lab_01_05\Lab_01_05.csproj", "{C0A4BA6C-17C5-4573-9A56-DCB72421984A}"
EndProject
Project("{FAE04EC0-301F-11D3-BF4B-00C04F79EFBC}") = "Lab_01_06", "Lab_01_06\Lab_01_06.csproj", "{03EC6E7C-B193-4D2A-8F3A-00186770E3F8}"
EndProject
Project("{FAE04EC0-301F-11D3-BF4B-00C04F79EFBC}") = "Lab_01_07", "Lab_01_07\Lab_01_07.csproj", "{17DD00CD-0226-4BBD-8414-3DE577DC954C}"
EndProject
Project("{FAE04EC0-301F-11D3-BF4B-00C04F79EFBC}") = "Lab_01_08", "Lab_01_08\Lab_01_08.csproj", "{8B7D29C9-E465-4707-96FA-6622142437BA}"
EndProject
Project("{FAE04EC0-301F-11D3-BF4B-00C04F79EFBC}") = "Lab_02_01", "Lab_02_01\Lab_02_01.csproj", "{6A091180-54B5-4064-A6BD-D3C105EA0667}"
EndProject
Project("{FAE04EC0-301F-11D3-BF4B-00C04F79EFBC}") = "Lab_01_09", "Lab_01_09\Lab_01_09.csproj", "{74285257-DC96-4428-9A07-46B2A448FCAC}"
EndProject
Project("{2150E333-8FDC-42A3-9474-1A3956D46DE8}") = "Lab_03", "Lab_03", "{8569A98F-6440-4E67-B7CE-2405ADDC6B99}"
EndProject
Project("{FAE04EC0-301F-11D3-BF4B-00C04F79EFBC}") = "Lab_03_01", "Lab_03_01\Lab_03_01.csproj", "{A0733F70-E437-47F3-B971-AED2FA7C8DD0}"
EndProject
Project("{FAE04EC0-301F-11D3-BF4B-00C04F79EFBC}") = "Lab_01_10", "Lab_01_10\Lab_01_10.csproj", "{1A7FDB05-6A07-4267-9008-D1FAB6A85966}"
EndProject
Project("{FAE04EC0-301F-11D3-BF4B-00C04F79EFBC}") = "Lab_01_11", "Lab_01_11\Lab_01_11.csproj", "{A615C2DB-FF7E-488D-815C-8AFBC9F85120}"
EndProject
Project("{2150E333-8FDC-42A3-9474-1A3956D46DE8}") = "Lab04", "Lab04", "{EEBF2CD3-EB9A-4C62-B170-2B35E1D07B85}"
EndProject
Project("{FAE04EC0-301F-11D3-BF4B-00C04F79EFBC}") = "Lab_04_01", "Lab_04_01\Lab_04_01.csproj", "{60783E17-7A2F-426F-939A-9D9CFB57122C}"
EndProject
Global
	GlobalSection(SolutionConfigurationPlatforms) = preSolution
		Debug|Any CPU = Debug|Any CPU
		Release|Any CPU = Release|Any CPU
	EndGlobalSection
	GlobalSection(ProjectConfigurationPlatforms) = postSolution
		{77AE56CC-908B-48AE-83A6-B0005ECC29F1}.Debug|Any CPU.ActiveCfg = Debug|Any CPU
		{77AE56CC-908B-48AE-83A6-B0005ECC29F1}.Debug|Any CPU.Build.0 = Debug|Any CPU
		{77AE56CC-908B-48AE-83A6-B0005ECC29F1}.Release|Any CPU.ActiveCfg = Release|Any CPU
		{77AE56CC-908B-48AE-83A6-B0005ECC29F1}.Release|Any CPU.Build.0 = Release|Any CPU
		{BF5ACCB9-97A7-4228-A8B5-C034031718D9}.Debug|Any CPU.ActiveCfg = Debug|Any CPU
		{BF5ACCB9-97A7-4228-A8B5-C034031718D9}.Debug|Any CPU.Build.0 = Debug|Any CPU
		{BF5ACCB9-97A7-4228-A8B5-C034031718D9}.Release|Any CPU.ActiveCfg = Release|Any CPU
		{BF5ACCB9-97A7-4228-A8B5-C034031718D9}.Release|Any CPU.Build.0 = Release|Any CPU
		{3746CA40-CEB6-4BD1-AC8F-A9D035656D31}.Debug|Any CPU.ActiveCfg = Debug|Any CPU
		{3746CA40-CEB6-4BD1-AC8F-A9D035656D31}.Debug|Any CPU.Build.0 = Debug|Any CPU
		{3746CA40-CEB6-4BD1-AC8F-A9D035656D31}.Release|Any CPU.ActiveCfg = Release|Any CPU
		{3746CA40-CEB6-4BD1-AC8F-A9D035656D31}.Release|Any CPU.Build.0 = Release|Any CPU
		{DAA4DA06-C2AC-49D3-BB66-58C992F701E5}.Debug|Any CPU.ActiveCfg = Debug|Any CPU
		{DAA4DA06-C2AC-49D3-BB66-58C992F701E5}.Debug|Any CPU.Build.0 = Debug|Any CPU
		{DAA4DA06-C2AC-49D3-BB66-58C992F701E5}.Release|Any CPU.ActiveCfg = Release|Any CPU
		{DAA4DA06-C2AC-49D3-BB66-58C992F701E5}.Release|Any CPU.Build.0 = Release|Any CPU
		{C0A4BA6C-17C5-4573-9A56-DCB72421984A}.Debug|Any CPU.ActiveCfg = Debug|Any CPU
		{C0A4BA6C-17C5-4573-9A56-DCB72421984A}.Debug|Any CPU.Build.0 = Debug|Any CPU
		{C0A4BA6C-17C5-4573-9A56-DCB72421984A}.Release|Any CPU.ActiveCfg = Release|Any CPU
		{C0A4BA6C-17C5-4573-9A56-DCB72421984A}.Release|Any CPU.Build.0 = Release|Any CPU
		{03EC6E7C-B193-4D2A-8F3A-00186770E3F8}.Debug|Any CPU.ActiveCfg = Debug|Any CPU
		{03EC6E7C-B193-4D2A-8F3A-00186770E3F8}.Debug|Any CPU.Build.0 = Debug|Any CPU
		{03EC6E7C-B193-4D2A-8F3A-00186770E3F8}.Release|Any CPU.ActiveCfg = Release|Any CPU
		{03EC6E7C-B193-4D2A-8F3A-00186770E3F8}.Release|Any CPU.Build.0 = Release|Any CPU
		{17DD00CD-0226-4BBD-8414-3DE577DC954C}.Debug|Any CPU.ActiveCfg = Debug|Any CPU
		{17DD00CD-0226-4BBD-8414-3DE577DC954C}.Debug|Any CPU.Build.0 = Debug|Any CPU
		{17DD00CD-0226-4BBD-8414-3DE577DC954C}.Release|Any CPU.ActiveCfg = Release|Any CPU
		{17DD00CD-0226-4BBD-8414-3DE577DC954C}.Release|Any CPU.Build.0 = Release|Any CPU
		{8B7D29C9-E465-4707-96FA-6622142437BA}.Debug|Any CPU.ActiveCfg = Debug|Any CPU
		{8B7D29C9-E465-4707-96FA-6622142437BA}.Debug|Any CPU.Build.0 = Debug|Any CPU
		{8B7D29C9-E465-4707-96FA-6622142437BA}.Release|Any CPU.ActiveCfg = Release|Any CPU
		{8B7D29C9-E465-4707-96FA-6622142437BA}.Release|Any CPU.Build.0 = Release|Any CPU
		{6A091180-54B5-4064-A6BD-D3C105EA0667}.Debug|Any CPU.ActiveCfg = Debug|Any CPU
		{6A091180-54B5-4064-A6BD-D3C105EA0667}.Debug|Any CPU.Build.0 = Debug|Any CPU
		{6A091180-54B5-4064-A6BD-D3C105EA0667}.Release|Any CPU.ActiveCfg = Release|Any CPU
		{6A091180-54B5-4064-A6BD-D3C105EA0667}.Release|Any CPU.Build.0 = Release|Any CPU
		{74285257-DC96-4428-9A07-46B2A448FCAC}.Debug|Any CPU.ActiveCfg = Debug|Any CPU
		{74285257-DC96-4428-9A07-46B2A448FCAC}.Debug|Any CPU.Build.0 = Debug|Any CPU
		{74285257-DC96-4428-9A07-46B2A448FCAC}.Release|Any CPU.ActiveCfg = Release|Any CPU
		{74285257-DC96-4428-9A07-46B2A448FCAC}.Release|Any CPU.Build.0 = Release|Any CPU
		{A0733F70-E437-47F3-B971-AED2FA7C8DD0}.Debug|Any CPU.ActiveCfg = Debug|Any CPU
		{A0733F70-E437-47F3-B971-AED2FA7C8DD0}.Debug|Any CPU.Build.0 = Debug|Any CPU
		{A0733F70-E437-47F3-B971-AED2FA7C8DD0}.Release|Any CPU.ActiveCfg = Release|Any CPU
		{A0733F70-E437-47F3-B971-AED2FA7C8DD0}.Release|Any CPU.Build.0 = Release|Any CPU
		{1A7FDB05-6A07-4267-9008-D1FAB6A85966}.Debug|Any CPU.ActiveCfg = Debug|Any CPU
		{1A7FDB05-6A07-4267-9008-D1FAB6A85966}.Debug|Any CPU.Build.0 = Debug|Any CPU
		{1A7FDB05-6A07-4267-9008-D1FAB6A85966}.Release|Any CPU.ActiveCfg = Release|Any CPU
		{1A7FDB05-6A07-4267-9008-D1FAB6A85966}.Release|Any CPU.Build.0 = Release|Any CPU
		{A615C2DB-FF7E-488D-815C-8AFBC9F85120}.Debug|Any CPU.ActiveCfg = Debug|Any CPU
		{A615C2DB-FF7E-488D-815C-8AFBC9F85120}.Debug|Any CPU.Build.0 = Debug|Any CPU
		{A615C2DB-FF7E-488D-815C-8AFBC9F85120}.Release|Any CPU.ActiveCfg = Release|Any CPU
		{A615C2DB-FF7E-488D-815C-8AFBC9F85120}.Release|Any CPU.Build.0 = Release|Any CPU
		{60783E17-7A2F-426F-939A-9D9CFB57122C}.Debug|Any CPU.ActiveCfg = Debug|Any CPU
		{60783E17-7A2F-426F-939A-9D9CFB57122C}.Debug|Any CPU.Build.0 = Debug|Any CPU
		{60783E17-7A2F-426F-939A-9D9CFB57122C}.Release|Any CPU.ActiveCfg = Release|Any CPU
		{60783E17-7A2F-426F-939A-9D9CFB57122C}.Release|Any CPU.Build.0 = Release|Any CPU
	EndGlobalSection
	GlobalSection(SolutionProperties) = preSolution
		HideSolutionNode = FALSE
	EndGlobalSection
	GlobalSection(NestedProjects) = preSolution
		{77AE56CC-908B-48AE-83A6-B0005ECC29F1} = {25CB8F88-14C3-4849-A1AD-7812797797C7}
		{BF5ACCB9-97A7-4228-A8B5-C034031718D9} = {25CB8F88-14C3-4849-A1AD-7812797797C7}
		{3746CA40-CEB6-4BD1-AC8F-A9D035656D31} = {25CB8F88-14C3-4849-A1AD-7812797797C7}
		{DAA4DA06-C2AC-49D3-BB66-58C992F701E5} = {25CB8F88-14C3-4849-A1AD-7812797797C7}
		{C0A4BA6C-17C5-4573-9A56-DCB72421984A} = {25CB8F88-14C3-4849-A1AD-7812797797C7}
		{03EC6E7C-B193-4D2A-8F3A-00186770E3F8} = {25CB8F88-14C3-4849-A1AD-7812797797C7}
		{17DD00CD-0226-4BBD-8414-3DE577DC954C} = {25CB8F88-14C3-4849-A1AD-7812797797C7}
		{8B7D29C9-E465-4707-96FA-6622142437BA} = {25CB8F88-14C3-4849-A1AD-7812797797C7}
		{6A091180-54B5-4064-A6BD-D3C105EA0667} = {AE698E52-A0E9-46CA-B49B-A8F8D21F2D10}
		{74285257-DC96-4428-9A07-46B2A448FCAC} = {25CB8F88-14C3-4849-A1AD-7812797797C7}
		{A0733F70-E437-47F3-B971-AED2FA7C8DD0} = {8569A98F-6440-4E67-B7CE-2405ADDC6B99}
		{1A7FDB05-6A07-4267-9008-D1FAB6A85966} = {25CB8F88-14C3-4849-A1AD-7812797797C7}
		{A615C2DB-FF7E-488D-815C-8AFBC9F85120} = {25CB8F88-14C3-4849-A1AD-7812797797C7}
		{60783E17-7A2F-426F-939A-9D9CFB57122C} = {EEBF2CD3-EB9A-4C62-B170-2B35E1D07B85}
	EndGlobalSection
EndGlobal
